
Microsoft Visual Studio Solution File, Format Version 12.00
# Visual Studio Version 16
VisualStudioVersion = 16.0.30523.141
MinimumVisualStudioVersion = 10.0.40219.1
Project("{FAE04EC0-301F-11D3-BF4B-00C04F79EFBC}") = "WindowsFormsApp2", "WindowsFormsApp2\WindowsFormsApp2.csproj", "{AF5D6988-701E-43B4-B876-F766DB6BC202}"
EndProject
Global
	GlobalSection(SolutionConfigurationPlatforms) = preSolution
		Debug|Any CPU = Debug|Any CPU
		Release|Any CPU = Release|Any CPU
	EndGlobalSection
	GlobalSection(ProjectConfigurationPlatforms) = postSolution
		{AF5D6988-701E-43B4-B876-F766DB6BC202}.Debug|Any CPU.ActiveCfg = Debug|Any CPU
		{AF5D6988-701E-43B4-B876-F766DB6BC202}.Debug|Any CPU.Build.0 = Debug|Any CPU
		{AF5D6988-701E-43B4-B876-F766DB6BC202}.Release|Any CPU.ActiveCfg = Release|Any CPU
		{AF5D6988-701E-43B4-B876-F766DB6BC202}.Release|Any CPU.Build.0 = Release|Any CPU
	EndGlobalSection
	GlobalSection(SolutionProperties) = preSolution
		HideSolutionNode = FALSE
	EndGlobalSection
	GlobalSection(ExtensibilityGlobals) = postSolution
		SolutionGuid = {9FDB65E0-1B6D-4648-92EA-EBC65280D4AB}
	EndGlobalSection
EndGlobal
