
Microsoft Visual Studio Solution File, Format Version 12.00
# Visual Studio Version 16
VisualStudioVersion = 16.0.30523.141
MinimumVisualStudioVersion = 10.0.40219.1
Project("{FAE04EC0-301F-11D3-BF4B-00C04F79EFBC}") = "WindowsFormsApp1", "WindowsFormsApp1\WindowsFormsApp1.csproj", "{941B1BA6-CB26-462E-A3EA-12134FC22741}"
EndProject
Global
	GlobalSection(SolutionConfigurationPlatforms) = preSolution
		Debug|Any CPU = Debug|Any CPU
		Release|Any CPU = Release|Any CPU
	EndGlobalSection
	GlobalSection(ProjectConfigurationPlatforms) = postSolution
		{941B1BA6-CB26-462E-A3EA-12134FC22741}.Debug|Any CPU.ActiveCfg = Debug|Any CPU
		{941B1BA6-CB26-462E-A3EA-12134FC22741}.Debug|Any CPU.Build.0 = Debug|Any CPU
		{941B1BA6-CB26-462E-A3EA-12134FC22741}.Release|Any CPU.ActiveCfg = Release|Any CPU
		{941B1BA6-CB26-462E-A3EA-12134FC22741}.Release|Any CPU.Build.0 = Release|Any CPU
	EndGlobalSection
	GlobalSection(SolutionProperties) = preSolution
		HideSolutionNode = FALSE
	EndGlobalSection
	GlobalSection(ExtensibilityGlobals) = postSolution
		SolutionGuid = {C5E5CAA4-0ADD-4D88-B247-146C4C8DCA74}
	EndGlobalSection
EndGlobal
