
Microsoft Visual Studio Solution File, Format Version 12.00
# Visual Studio Version 16
VisualStudioVersion = 16.0.30523.141
MinimumVisualStudioVersion = 10.0.40219.1
Project("{FAE04EC0-301F-11D3-BF4B-00C04F79EFBC}") = "WindowsFormsApp1", "WindowsFormsApp1\WindowsFormsApp1.csproj", "{FADC38A8-E938-4231-AC98-A4BA11B659BB}"
EndProject
Global
	GlobalSection(SolutionConfigurationPlatforms) = preSolution
		Debug|Any CPU = Debug|Any CPU
		Release|Any CPU = Release|Any CPU
	EndGlobalSection
	GlobalSection(ProjectConfigurationPlatforms) = postSolution
		{FADC38A8-E938-4231-AC98-A4BA11B659BB}.Debug|Any CPU.ActiveCfg = Debug|Any CPU
		{FADC38A8-E938-4231-AC98-A4BA11B659BB}.Debug|Any CPU.Build.0 = Debug|Any CPU
		{FADC38A8-E938-4231-AC98-A4BA11B659BB}.Release|Any CPU.ActiveCfg = Release|Any CPU
		{FADC38A8-E938-4231-AC98-A4BA11B659BB}.Release|Any CPU.Build.0 = Release|Any CPU
	EndGlobalSection
	GlobalSection(SolutionProperties) = preSolution
		HideSolutionNode = FALSE
	EndGlobalSection
	GlobalSection(ExtensibilityGlobals) = postSolution
		SolutionGuid = {404959DC-2547-4693-84ED-72D19F4619A5}
	EndGlobalSection
EndGlobal
